// !$*UTF8*$!
{
	archiveVersion = 1;
	classes = {
	};
	objectVersion = 46;
	objects = {

/* Begin PBXBuildFile section */
		580067731D3950BF009EDD73 /* AppDelegate.swift in Sources */ = {isa = PBXBuildFile; fileRef = 580067721D3950BF009EDD73 /* AppDelegate.swift */; };
		580067751D3950BF009EDD73 /* InstrumentationViewController.swift in Sources */ = {isa = PBXBuildFile; fileRef = 580067741D3950BF009EDD73 /* InstrumentationViewController.swift */; };
		580067771D3950BF009EDD73 /* SimulationViewController.swift in Sources */ = {isa = PBXBuildFile; fileRef = 580067761D3950BF009EDD73 /* SimulationViewController.swift */; };
		5800677A1D3950BF009EDD73 /* Main.storyboard in Resources */ = {isa = PBXBuildFile; fileRef = 580067781D3950BF009EDD73 /* Main.storyboard */; };
		5800677C1D3950BF009EDD73 /* Assets.xcassets in Resources */ = {isa = PBXBuildFile; fileRef = 5800677B1D3950BF009EDD73 /* Assets.xcassets */; };
		5800677F1D3950BF009EDD73 /* LaunchScreen.storyboard in Resources */ = {isa = PBXBuildFile; fileRef = 5800677D1D3950BF009EDD73 /* LaunchScreen.storyboard */; };
		580067871D3952A2009EDD73 /* StatisticsViewController.swift in Sources */ = {isa = PBXBuildFile; fileRef = 580067861D3952A2009EDD73 /* StatisticsViewController.swift */; };
		580067891D395C5B009EDD73 /* Protocol.swift in Sources */ = {isa = PBXBuildFile; fileRef = 580067881D395C5B009EDD73 /* Protocol.swift */; };
		584C65F41D3B5D21001B50A0 /* GridView.swift in Sources */ = {isa = PBXBuildFile; fileRef = 584C65F31D3B5D21001B50A0 /* GridView.swift */; };
/* End PBXBuildFile section */

/* Begin PBXFileReference section */
		5800676F1D3950BF009EDD73 /* Assignment4.app */ = {isa = PBXFileReference; explicitFileType = wrapper.application; includeInIndex = 0; path = Assignment4.app; sourceTree = BUILT_PRODUCTS_DIR; };
		580067721D3950BF009EDD73 /* AppDelegate.swift */ = {isa = PBXFileReference; lastKnownFileType = sourcecode.swift; path = AppDelegate.swift; sourceTree = "<group>"; };
		580067741D3950BF009EDD73 /* InstrumentationViewController.swift */ = {isa = PBXFileReference; lastKnownFileType = sourcecode.swift; path = InstrumentationViewController.swift; sourceTree = "<group>"; };
		580067761D3950BF009EDD73 /* SimulationViewController.swift */ = {isa = PBXFileReference; lastKnownFileType = sourcecode.swift; path = SimulationViewController.swift; sourceTree = "<group>"; };
		580067791D3950BF009EDD73 /* Base */ = {isa = PBXFileReference; lastKnownFileType = file.storyboard; name = Base; path = Base.lproj/Main.storyboard; sourceTree = "<group>"; };
		5800677B1D3950BF009EDD73 /* Assets.xcassets */ = {isa = PBXFileReference; lastKnownFileType = folder.assetcatalog; path = Assets.xcassets; sourceTree = "<group>"; };
		5800677E1D3950BF009EDD73 /* Base */ = {isa = PBXFileReference; lastKnownFileType = file.storyboard; name = Base; path = Base.lproj/LaunchScreen.storyboard; sourceTree = "<group>"; };
		580067801D3950BF009EDD73 /* Info.plist */ = {isa = PBXFileReference; lastKnownFileType = text.plist.xml; path = Info.plist; sourceTree = "<group>"; };
		580067861D3952A2009EDD73 /* StatisticsViewController.swift */ = {isa = PBXFileReference; fileEncoding = 4; lastKnownFileType = sourcecode.swift; path = StatisticsViewController.swift; sourceTree = "<group>"; };
		580067881D395C5B009EDD73 /* Protocol.swift */ = {isa = PBXFileReference; fileEncoding = 4; lastKnownFileType = sourcecode.swift; path = Protocol.swift; sourceTree = "<group>"; };
		584C65F31D3B5D21001B50A0 /* GridView.swift */ = {isa = PBXFileReference; fileEncoding = 4; lastKnownFileType = sourcecode.swift; path = GridView.swift; sourceTree = "<group>"; };
/* End PBXFileReference section */

/* Begin PBXFrameworksBuildPhase section */
		5800676C1D3950BF009EDD73 /* Frameworks */ = {
			isa = PBXFrameworksBuildPhase;
			buildActionMask = 2147483647;
			files = (
			);
			runOnlyForDeploymentPostprocessing = 0;
		};
/* End PBXFrameworksBuildPhase section */

/* Begin PBXGroup section */
		580067661D3950BF009EDD73 = {
			isa = PBXGroup;
			children = (
				580067711D3950BF009EDD73 /* Assignment4 */,
				580067701D3950BF009EDD73 /* Products */,
			);
			sourceTree = "<group>";
		};
		580067701D3950BF009EDD73 /* Products */ = {
			isa = PBXGroup;
			children = (
				5800676F1D3950BF009EDD73 /* Assignment4.app */,
			);
			name = Products;
			sourceTree = "<group>";
		};
		580067711D3950BF009EDD73 /* Assignment4 */ = {
			isa = PBXGroup;
			children = (
				580067721D3950BF009EDD73 /* AppDelegate.swift */,
				580067741D3950BF009EDD73 /* InstrumentationViewController.swift */,
				580067761D3950BF009EDD73 /* SimulationViewController.swift */,
				580067861D3952A2009EDD73 /* StatisticsViewController.swift */,
				580067781D3950BF009EDD73 /* Main.storyboard */,
				580067881D395C5B009EDD73 /* Protocol.swift */,
				584C65F31D3B5D21001B50A0 /* GridView.swift */,
				5800677B1D3950BF009EDD73 /* Assets.xcassets */,
				5800677D1D3950BF009EDD73 /* LaunchScreen.storyboard */,
				580067801D3950BF009EDD73 /* Info.plist */,
			);
			path = Assignment4;
			sourceTree = "<group>";
		};
/* End PBXGroup section */

/* Begin PBXNativeTarget section */
		5800676E1D3950BF009EDD73 /* Assignment4 */ = {
			isa = PBXNativeTarget;
			buildConfigurationList = 580067831D3950BF009EDD73 /* Build configuration list for PBXNativeTarget "Assignment4" */;
			buildPhases = (
				5800676B1D3950BF009EDD73 /* Sources */,
				5800676C1D3950BF009EDD73 /* Frameworks */,
				5800676D1D3950BF009EDD73 /* Resources */,
			);
			buildRules = (
			);
			dependencies = (
			);
			name = Assignment4;
			productName = Assignment4;
			productReference = 5800676F1D3950BF009EDD73 /* Assignment4.app */;
			productType = "com.apple.product-type.application";
		};
/* End PBXNativeTarget section */

/* Begin PBXProject section */
		580067671D3950BF009EDD73 /* Project object */ = {
			isa = PBXProject;
			attributes = {
				LastSwiftUpdateCheck = 0730;
				LastUpgradeCheck = 0730;
				ORGANIZATIONNAME = "Angel Henderson";
				TargetAttributes = {
					5800676E1D3950BF009EDD73 = {
						CreatedOnToolsVersion = 7.3.1;
					};
				};
			};
			buildConfigurationList = 5800676A1D3950BF009EDD73 /* Build configuration list for PBXProject "Assignment4" */;
			compatibilityVersion = "Xcode 3.2";
			developmentRegion = English;
			hasScannedForEncodings = 0;
			knownRegions = (
				en,
				Base,
			);
			mainGroup = 580067661D3950BF009EDD73;
			productRefGroup = 580067701D3950BF009EDD73 /* Products */;
			projectDirPath = "";
			projectRoot = "";
			targets = (
				5800676E1D3950BF009EDD73 /* Assignment4 */,
			);
		};
/* End PBXProject section */

/* Begin PBXResourcesBuildPhase section */
		5800676D1D3950BF009EDD73 /* Resources */ = {
			isa = PBXResourcesBuildPhase;
			buildActionMask = 2147483647;
			files = (
				5800677F1D3950BF009EDD73 /* LaunchScreen.storyboard in Resources */,
				5800677C1D3950BF009EDD73 /* Assets.xcassets in Resources */,
				5800677A1D3950BF009EDD73 /* Main.storyboard in Resources */,
			);
			runOnlyForDeploymentPostprocessing = 0;
		};
/* End PBXResourcesBuildPhase section */

/* Begin PBXSourcesBuildPhase section */
		5800676B1D3950BF009EDD73 /* Sources */ = {
			isa = PBXSourcesBuildPhase;
			buildActionMask = 2147483647;
			files = (
				580067771D3950BF009EDD73 /* SimulationViewController.swift in Sources */,
				580067731D3950BF009EDD73 /* AppDelegate.swift in Sources */,
				580067751D3950BF009EDD73 /* InstrumentationViewController.swift in Sources */,
				580067891D395C5B009EDD73 /* Protocol.swift in Sources */,
				584C65F41D3B5D21001B50A0 /* GridView.swift in Sources */,
				580067871D3952A2009EDD73 /* StatisticsViewController.swift in Sources */,
			);
			runOnlyForDeploymentPostprocessing = 0;
		};
/* End PBXSourcesBuildPhase section */

/* Begin PBXVariantGroup section */
		580067781D3950BF009EDD73 /* Main.storyboard */ = {
			isa = PBXVariantGroup;
			children = (
				580067791D3950BF009EDD73 /* Base */,
			);
			name = Main.storyboard;
			sourceTree = "<group>";
		};
		5800677D1D3950BF009EDD73 /* LaunchScreen.storyboard */ = {
			isa = PBXVariantGroup;
			children = (
				5800677E1D3950BF009EDD73 /* Base */,
			);
			name = LaunchScreen.storyboard;
			sourceTree = "<group>";
		};
/* End PBXVariantGroup section */

/* Begin XCBuildConfiguration section */
		580067811D3950BF009EDD73 /* Debug */ = {
			isa = XCBuildConfiguration;
			buildSettings = {
				ALWAYS_SEARCH_USER_PATHS = NO;
				CLANG_ANALYZER_NONNULL = YES;
				CLANG_CXX_LANGUAGE_STANDARD = "gnu++0x";
				CLANG_CXX_LIBRARY = "libc++";
				CLANG_ENABLE_MODULES = YES;
				CLANG_ENABLE_OBJC_ARC = YES;
				CLANG_WARN_BOOL_CONVERSION = YES;
				CLANG_WARN_CONSTANT_CONVERSION = YES;
				CLANG_WARN_DIRECT_OBJC_ISA_USAGE = YES_ERROR;
				CLANG_WARN_EMPTY_BODY = YES;
				CLANG_WARN_ENUM_CONVERSION = YES;
				CLANG_WARN_INT_CONVERSION = YES;
				CLANG_WARN_OBJC_ROOT_CLASS = YES_ERROR;
				CLANG_WARN_UNREACHABLE_CODE = YES;
				CLANG_WARN__DUPLICATE_METHOD_MATCH = YES;
				"CODE_SIGN_IDENTITY[sdk=iphoneos*]" = "iPhone Developer";
				COPY_PHASE_STRIP = NO;
				DEBUG_INFORMATION_FORMAT = dwarf;
				ENABLE_STRICT_OBJC_MSGSEND = YES;
				ENABLE_TESTABILITY = YES;
				GCC_C_LANGUAGE_STANDARD = gnu99;
				GCC_DYNAMIC_NO_PIC = NO;
				GCC_NO_COMMON_BLOCKS = YES;
				GCC_OPTIMIZATION_LEVEL = 0;
				GCC_PREPROCESSOR_DEFINITIONS = (
					"DEBUG=1",
					"$(inherited)",
				);
				GCC_WARN_64_TO_32_BIT_CONVERSION = YES;
				GCC_WARN_ABOUT_RETURN_TYPE = YES_ERROR;
				GCC_WARN_UNDECLARED_SELECTOR = YES;
				GCC_WARN_UNINITIALIZED_AUTOS = YES_AGGRESSIVE;
				GCC_WARN_UNUSED_FUNCTION = YES;
				GCC_WARN_UNUSED_VARIABLE = YES;
				IPHONEOS_DEPLOYMENT_TARGET = 9.3;
				MTL_ENABLE_DEBUG_INFO = YES;
				ONLY_ACTIVE_ARCH = YES;
				SDKROOT = iphoneos;
				SWIFT_OPTIMIZATION_LEVEL = "-Onone";
				TARGETED_DEVICE_FAMILY = "1,2";
			};
			name = Debug;
		};
		580067821D3950BF009EDD73 /* Release */ = {
			isa = XCBuildConfiguration;
			buildSettings = {
				ALWAYS_SEARCH_USER_PATHS = NO;
				CLANG_ANALYZER_NONNULL = YES;
				CLANG_CXX_LANGUAGE_STANDARD = "gnu++0x";
				CLANG_CXX_LIBRARY = "libc++";
				CLANG_ENABLE_MODULES = YES;
				CLANG_ENABLE_OBJC_ARC = YES;
				CLANG_WARN_BOOL_CONVERSION = YES;
				CLANG_WARN_CONSTANT_CONVERSION = YES;
				CLANG_WARN_DIRECT_OBJC_ISA_USAGE = YES_ERROR;
				CLANG_WARN_EMPTY_BODY = YES;
				CLANG_WARN_ENUM_CONVERSION = YES;
				CLANG_WARN_INT_CONVERSION = YES;
				CLANG_WARN_OBJC_ROOT_CLASS = YES_ERROR;
				CLANG_WARN_UNREACHABLE_CODE = YES;
				CLANG_WARN__DUPLICATE_METHOD_MATCH = YES;
				"CODE_SIGN_IDENTITY[sdk=iphoneos*]" = "iPhone Developer";
				COPY_PHASE_STRIP = NO;
				DEBUG_INFORMATION_FORMAT = "dwarf-with-dsym";
				ENABLE_NS_ASSERTIONS = NO;
				ENABLE_STRICT_OBJC_MSGSEND = YES;
				GCC_C_LANGUAGE_STANDARD = gnu99;
				GCC_NO_COMMON_BLOCKS = YES;
				GCC_WARN_64_TO_32_BIT_CONVERSION = YES;
				GCC_WARN_ABOUT_RETURN_TYPE = YES_ERROR;
				GCC_WARN_UNDECLARED_SELECTOR = YES;
				GCC_WARN_UNINITIALIZED_AUTOS = YES_AGGRESSIVE;
				GCC_WARN_UNUSED_FUNCTION = YES;
				GCC_WARN_UNUSED_VARIABLE = YES;
				IPHONEOS_DEPLOYMENT_TARGET = 9.3;
				MTL_ENABLE_DEBUG_INFO = NO;
				SDKROOT = iphoneos;
				TARGETED_DEVICE_FAMILY = "1,2";
				VALIDATE_PRODUCT = YES;
			};
			name = Release;
		};
		580067841D3950BF009EDD73 /* Debug */ = {
			isa = XCBuildConfiguration;
			buildSettings = {
				ASSETCATALOG_COMPILER_APPICON_NAME = AppIcon;
				INFOPLIST_FILE = Assignment4/Info.plist;
				LD_RUNPATH_SEARCH_PATHS = "$(inherited) @executable_path/Frameworks";
				PRODUCT_BUNDLE_IDENTIFIER = edu.harvard.s65g.Assignment4;
				PRODUCT_NAME = "$(TARGET_NAME)";
			};
			name = Debug;
		};
		580067851D3950BF009EDD73 /* Release */ = {
			isa = XCBuildConfiguration;
			buildSettings = {
				ASSETCATALOG_COMPILER_APPICON_NAME = AppIcon;
				INFOPLIST_FILE = Assignment4/Info.plist;
				LD_RUNPATH_SEARCH_PATHS = "$(inherited) @executable_path/Frameworks";
				PRODUCT_BUNDLE_IDENTIFIER = edu.harvard.s65g.Assignment4;
				PRODUCT_NAME = "$(TARGET_NAME)";
			};
			name = Release;
		};
/* End XCBuildConfiguration section */

/* Begin XCConfigurationList section */
		5800676A1D3950BF009EDD73 /* Build configuration list for PBXProject "Assignment4" */ = {
			isa = XCConfigurationList;
			buildConfigurations = (
				580067811D3950BF009EDD73 /* Debug */,
				580067821D3950BF009EDD73 /* Release */,
			);
			defaultConfigurationIsVisible = 0;
			defaultConfigurationName = Release;
		};
		580067831D3950BF009EDD73 /* Build configuration list for PBXNativeTarget "Assignment4" */ = {
			isa = XCConfigurationList;
			buildConfigurations = (
				580067841D3950BF009EDD73 /* Debug */,
				580067851D3950BF009EDD73 /* Release */,
			);
			defaultConfigurationIsVisible = 0;
			defaultConfigurationName = Release;
		};
/* End XCConfigurationList section */
	};
	rootObject = 580067671D3950BF009EDD73 /* Project object */;
}
